
Microsoft Visual Studio Solution File, Format Version 12.00
# Visual Studio Version 16
VisualStudioVersion = 16.0.29020.237
MinimumVisualStudioVersion = 10.0.40219.1
Project("{FAE04EC0-301F-11D3-BF4B-00C04F79EFBC}") = "Regexer", "Regexer\Regexer.csproj", "{C6F4E258-D3E6-4E22-8388-E0ABA8F661CF}"
EndProject
Global
	GlobalSection(SolutionConfigurationPlatforms) = preSolution
		Debug|Any CPU = Debug|Any CPU
		Release|Any CPU = Release|Any CPU
	EndGlobalSection
	GlobalSection(ProjectConfigurationPlatforms) = postSolution
		{C6F4E258-D3E6-4E22-8388-E0ABA8F661CF}.Debug|Any CPU.ActiveCfg = Debug|Any CPU
		{C6F4E258-D3E6-4E22-8388-E0ABA8F661CF}.Debug|Any CPU.Build.0 = Debug|Any CPU
		{C6F4E258-D3E6-4E22-8388-E0ABA8F661CF}.Release|Any CPU.ActiveCfg = Release|Any CPU
		{C6F4E258-D3E6-4E22-8388-E0ABA8F661CF}.Release|Any CPU.Build.0 = Release|Any CPU
	EndGlobalSection
	GlobalSection(SolutionProperties) = preSolution
		HideSolutionNode = FALSE
	EndGlobalSection
	GlobalSection(ExtensibilityGlobals) = postSolution
		SolutionGuid = {98F5AA44-83DB-428A-BC26-ECE86BF6F26A}
	EndGlobalSection
EndGlobal
